schema: meridian/idmap@1
namespace: core
band: 0                      # assigned once, immutable (SAD §2.4)
released_watermark: 0      # highest local index frozen by a tagged release
map:                         # append-only; local index (SAD §2.4)
  core:ability.minor_healing: 1
  core:ability.pickaxe_slam: 2
  core:amb.zone01.forest_day: 3
  core:appearance.ardent.male: 82
  core:appearance.dolmen.male: 117
  core:art.char.ardent.male.base: 81
  core:art.char.ardent.male.face_1: 83
  core:art.char.ardent.male.face_2: 84
  core:art.char.ardent.male.face_3: 85
  core:art.char.ardent.male.face_4: 86
  core:art.char.ardent.male.hair_1: 108
  core:art.char.ardent.male.hair_2: 109
  core:art.char.ardent.male.hair_3: 110
  core:art.char.ardent.male.hair_4: 111
  core:art.char.ardent.male.skeleton: 80
  core:art.char.ardent.male.skin_1: 87
  core:art.char.ardent.male.skin_2: 88
  core:art.char.ardent.male.skin_3: 89
  core:art.char.cindermaw: 38
  core:art.char.dolmen.male.base: 116
  core:art.char.dolmen.male.skeleton: 115
  core:art.char.ember_wisp: 39
  core:art.char.human.female.warden: 40
  core:art.char.human.male.foreman: 41
  core:art.char.human.male.quartermaster: 4
  core:art.char.kobold.digmaster: 5
  core:art.char.kobold.miner: 6
  core:art.env.zone01.kit.wall_stone_a: 7
  core:art.icon.item.charred_totem: 42
  core:art.icon.item.cinder_heart: 43
  core:art.icon.item.ember_mote: 44
  core:art.icon.item.emberforged_pick: 45
  core:art.icon.item.hollow_charm: 46
  core:art.icon.item.iron_sword: 112
  core:art.icon.item.kobold_ear: 8
  core:art.icon.item.lamp_charm: 9
  core:art.icon.item.map_scrap: 47
  core:art.icon.item.pickaxe_rusty: 10
  core:art.icon.item.potion_red_small: 11
  core:art.icon.item.signet_bronze: 12
  core:art.icon.item.warden_crest: 48
  core:art.item.armor.warden_chest: 90
  core:art.item.armor.warden_chest_mask: 91
  core:art.item.armor.warden_feet: 92
  core:art.item.armor.warden_feet_mask: 93
  core:art.item.armor.warden_hands: 94
  core:art.item.armor.warden_hands_mask: 95
  core:art.item.armor.warden_head: 96
  core:art.item.armor.warden_head_mask: 97
  core:art.item.armor.warden_legs: 98
  core:art.item.armor.warden_legs_mask: 99
  core:art.item.armor.warden_shoulders: 100
  core:art.item.armor.warden_shoulders_mask: 101
  core:art.item.weapon.emberforged_pick: 76
  core:art.item.weapon.iron_sword: 113
  core:art.item.weapon.pickaxe_rusty: 13
  core:art.vfx.heal.sparkle_small: 14
  core:art.vfx.impact.dust_small: 15
  core:dye.bone: 77
  core:dye.russet: 78
  core:dye.slate: 79
  core:equip_type.cloth: 118
  core:equip_type.leather: 119
  core:equip_type.mail: 120
  core:equip_type.one_hand: 121
  core:equip_type.plate: 122
  core:equip_type.staff: 123
  core:equip_type.two_hand: 124
  core:equip_type.wand: 125
  core:item.brens_signet: 16
  core:item.charred_totem: 49
  core:item.cinder_heart: 50
  core:item.deep_survey_scrap: 51
  core:item.ember_mote: 52
  core:item.emberforged_pick: 53
  core:item.hollow_charm: 54
  core:item.iron_sword: 114
  core:item.kobold_ear: 17
  core:item.miners_lamp_charm: 18
  core:item.minor_healing_potion: 19
  core:item.rusty_pickaxe: 20
  core:item.spare_lamp: 55
  core:item.warden_chest: 102
  core:item.warden_crest: 56
  core:item.warden_feet: 103
  core:item.warden_hands: 104
  core:item.warden_head: 105
  core:item.warden_legs: 106
  core:item.warden_shoulders: 107
  core:loot.cindermaw: 57
  core:loot.ember_wisp: 58
  core:loot.kobold_firecaller: 59
  core:loot.kobold_miner: 21
  core:mus.zone01.combat: 22
  core:mus.zone01.explore: 23
  core:mus.zone01.tension: 24
  core:npc.cindermaw: 60
  core:npc.ember_wisp: 61
  core:npc.foreman_dain: 62
  core:npc.kobold_digmaster: 25
  core:npc.kobold_firecaller: 63
  core:npc.kobold_miner: 26
  core:npc.quartermaster_bren: 27
  core:npc.warden_sela: 64
  core:quest.charter_of_the_hollow: 65
  core:quest.culling_the_kobolds: 28
  core:quest.ears_for_evidence: 29
  core:quest.emberblight: 66
  core:quest.heart_of_the_cindermaw: 67
  core:quest.silence_the_firecallers: 68
  core:quest.sparks_in_the_dark: 69
  core:quest.the_deep_tally: 70
  core:quest.trail_of_the_digmasters: 71
  core:quest.wardens_watch: 72
  core:sfx.char.cindermaw: 73
  core:sfx.char.ember_wisp: 74
  core:sfx.char.human_male: 30
  core:sfx.char.kobold: 31
  core:sfx.combat.impact.pickaxe: 32
  core:sfx.item.potion_drink: 33
  core:spawn.zone01_cinderdeep_deep: 75
  core:spawn.zone01_emberfall_village: 34
  core:spawn.zone01_kobold_camp: 35
  core:vendor.bren_general_goods: 36
  core:zone.zone01: 37
