schema: meridian/idmap@1
namespace: chibi
band: 1                      # assigned once, immutable (SAD §2.4)
released_watermark: 0      # highest local index frozen by a tagged release
map:                         # append-only; local index (SAD §2.4)
  chibi:ability.mage_arcane_bolt: 2
  chibi:ability.mage_arcane_storm: 3
  chibi:ability.mage_cinderburn: 4
  chibi:ability.mage_frost_lock: 5
  chibi:ability.priest_aegis: 6
  chibi:ability.priest_mend: 7
  chibi:ability.priest_purge: 8
  chibi:ability.priest_renewal: 9
  chibi:ability.rogue_gash: 10
  chibi:ability.rogue_ribcut: 11
  chibi:ability.rogue_veilstep: 12
  chibi:ability.rogue_weakpoint: 13
  chibi:ability.warrior_bellow: 14
  chibi:ability.warrior_bulwark: 15
  chibi:ability.warrior_crushing_blow: 16
  chibi:ability.warrior_skullcrack: 17
  chibi:art.ui.theme_preview: 1
  chibi:attribute.agility: 18
  chibi:attribute.armor: 19
  chibi:attribute.crit: 20
  chibi:attribute.haste: 21
  chibi:attribute.intellect: 22
  chibi:attribute.stamina: 23
  chibi:attribute.strength: 24
  chibi:class.mage: 25
  chibi:class.priest: 26
  chibi:class.rogue: 27
  chibi:class.warrior: 28
  chibi:equip_type.cloth: 29
  chibi:equip_type.leather: 30
  chibi:equip_type.mail: 31
  chibi:equip_type.one_hand: 32
  chibi:equip_type.plate: 33
  chibi:equip_type.staff: 34
  chibi:equip_type.two_hand: 35
  chibi:equip_type.wand: 36
  chibi:item.base_cloth_wrap: 37
  chibi:item.mage_apprentice_robe: 38
  chibi:item.mage_apprentice_staff: 39
  chibi:item.priest_prayer_wand: 40
  chibi:item.priest_vestments: 41
  chibi:item.rogue_leathers: 42
  chibi:item.rogue_shiv: 43
  chibi:item.warrior_battleblade: 44
  chibi:item.warrior_platemail: 45
  chibi:talent.mage_frostwork: 46
  chibi:talent.mage_kindling: 47
  chibi:talent.priest_devotion: 48
  chibi:talent.priest_sanctuary: 49
  chibi:talent.rogue_cutthroat: 50
  chibi:talent.rogue_finesse: 51
  chibi:talent.warrior_frontline: 52
  chibi:talent.warrior_guardian: 53
  chibi:talent_tree.arcane_mastery: 54
  chibi:talent_tree.light_and_shadow: 55
  chibi:talent_tree.shadow_arts: 56
  chibi:talent_tree.warriors_resolve: 57
